
Microsoft Visual Studio Solution File, Format Version 12.00
# Visual Studio 15
VisualStudioVersion = 15.0.28307.902
MinimumVisualStudioVersion = 10.0.40219.1
Project("{FAE04EC0-301F-11D3-BF4B-00C04F79EFBC}") = "ConsoleApp", "ConsoleApp.csproj", "{CC84EB5C-80F5-4011-8CD2-D10B809C801C}"
EndProject
Global
	GlobalSection(SolutionConfigurationPlatforms) = preSolution
		Debug|Any CPU = Debug|Any CPU
		Release|Any CPU = Release|Any CPU
	EndGlobalSection
	GlobalSection(ProjectConfigurationPlatforms) = postSolution
		{CC84EB5C-80F5-4011-8CD2-D10B809C801C}.Debug|Any CPU.ActiveCfg = Debug|Any CPU
		{CC84EB5C-80F5-4011-8CD2-D10B809C801C}.Debug|Any CPU.Build.0 = Debug|Any CPU
		{CC84EB5C-80F5-4011-8CD2-D10B809C801C}.Release|Any CPU.ActiveCfg = Release|Any CPU
		{CC84EB5C-80F5-4011-8CD2-D10B809C801C}.Release|Any CPU.Build.0 = Release|Any CPU
	EndGlobalSection
	GlobalSection(SolutionProperties) = preSolution
		HideSolutionNode = FALSE
	EndGlobalSection
	GlobalSection(ExtensibilityGlobals) = postSolution
		SolutionGuid = {092D1C6C-6740-4235-A286-2F7C4D7F0CA3}
	EndGlobalSection
EndGlobal
